{
  "version": "5",
  "specifiers": {
    "jsr:@std/assert@^1.0.19": "1.0.19",
    "jsr:@std/datetime@~0.225.7": "0.225.7",
    "jsr:@std/internal@^1.0.12": "1.0.12",
    "npm:@types/react@19.2.17": "19.2.17",
    "npm:jsr@0.14.3": "0.14.3",
    "npm:prettier@3.9.4": "3.9.4",
    "npm:react@19.2.7": "19.2.7"
  },
  "jsr": {
    "@std/assert@1.0.19": {
      "integrity": "eaada96ee120cb980bc47e040f82814d786fe8162ecc53c91d8df60b8755991e",
      "dependencies": [
        "jsr:@std/internal"
      ]
    },
    "@std/datetime@0.225.7": {
      "integrity": "e62c6c454a0ecfc2918fe41e7a621e0f334a6f82605e98fd32eb1e6371999328"
    },
    "@std/internal@1.0.12": {
      "integrity": "972a634fd5bc34b242024402972cd5143eac68d8dffaca5eaa4dba30ce17b027"
    }
  },
  "npm": {
    "@types/react@19.2.17": {
      "integrity": "sha512-MXfmqaVPEVgkBT/aY0aGCkRWWtByiYQXo3xdQ8r5RzuFrPiRn8Gar2tQdXSUQ2GKV3bkXckek89V8wQBY2Q/Aw==",
      "dependencies": [
        "csstype"
      ]
    },
    "csstype@3.2.3": {
      "integrity": "sha512-z1HGKcYy2xA8AGQfwrn0PAy+PB7X/GSj3UVJW9qKyn43xWa+gl5nXmU4qqLMRzWVLFC8KusUX8T/0kCiOYpAIQ=="
    },
    "jsr@0.14.3": {
      "integrity": "sha512-PGxnDepx7vwJoZQe2SHbyBiFfpGwsOKmX4kn/wZZqfMafV7fjXqTxSaX6lp9QHYkSTLKkER+P/wmrZY3gVJNzg==",
      "dependencies": [
        "node-stream-zip",
        "semiver"
      ],
      "bin": true
    },
    "node-stream-zip@1.15.0": {
      "integrity": "sha512-LN4fydt9TqhZhThkZIVQnF9cwjU3qmUH9h78Mx/K7d3VvfRqqwthLwJEUOEL0QPZ0XQmNN7be5Ggit5+4dq3Bw=="
    },
    "prettier@3.9.4": {
      "integrity": "sha512-yWG/o/4oJfo036EKAfK6ACAoDOfHeRHx4tuxkfBZiauURiaSmYwlpOr5LQqKtIkRD2z1PLteme2WoxEnj4tHTg==",
      "bin": true
    },
    "react@19.2.7": {
      "integrity": "sha512-HNe9WslTbXmFK8o8cmwgAeJFSBvt1bPdHCVKtaaV+WlAN36mpT4hcRpwbf3fY56ar2oIXzsBpOAiIRHAdY0OlQ=="
    },
    "semiver@1.1.0": {
      "integrity": "sha512-QNI2ChmuioGC1/xjyYwyZYADILWyW6AmS1UH6gDj/SFUUUS4MBAWs/7mxnkRPc/F4iHezDP+O8t0dO8WHiEOdg=="
    }
  },
  "workspace": {
    "dependencies": [
      "jsr:@std/assert@^1.0.19",
      "jsr:@std/datetime@~0.225.7"
    ],
    "packageJson": {
      "dependencies": [
        "npm:@types/react@19.2.17",
        "npm:jsr@0.14.3",
        "npm:prettier@3.9.4",
        "npm:react@19.2.7"
      ]
    }
  }
}
