# THIS IS AN AUTOGENERATED FILE. DO NOT EDIT THIS FILE DIRECTLY.
# yarn lockfile v1


"@openhotel/pixi-components@0.0.29":
  version "0.0.29"
  resolved "https://registry.yarnpkg.com/@openhotel/pixi-components/-/pixi-components-0.0.29.tgz#0144bf6146fa8765fe53b9a2780d7bc58fb5837a"
  integrity sha512-cMwhnm70zcWieNLXc4f3fywEPhVYTtn97lKHvtK64JejHWwyoeUnwEWq+BcFfgilUgbpuPIUSLonpkXpxK2sXg==
  dependencies:
    "@pixi/react" "8.0.5"
    dayjs "1.11.13"
    pixi.js "8.14.3"
    react "19.2.3"
    react-dom "19.2.3"
    zustand "^5.0.3"

"@pixi/colord@^2.9.6":
  version "2.9.6"
  resolved "https://registry.yarnpkg.com/@pixi/colord/-/colord-2.9.6.tgz#7e4e7851480da6fd3cef4e331f008d60be7e1204"
  integrity sha512-nezytU2pw587fQstUu1AsJZDVEynjskwOL+kibwcdxsMBFqPsFFNA7xl0ii/gXuDi6M0xj3mfRJj8pBSc2jCfA==

"@pixi/react@8.0.5":
  version "8.0.5"
  resolved "https://registry.yarnpkg.com/@pixi/react/-/react-8.0.5.tgz#a725094421053bd2800a937ccc902b3e59b591dc"
  integrity sha512-Z1VRdnv9Gh+lTLzNKjpS7GaTNDjUxRVJNtIdtK2i0sCpigvjx5mvJ72EPLhBFgepB6j3ZCkL0YBb6BqgTGbhGA==
  dependencies:
    its-fine "^2.0.0"
    react-reconciler "0.31.0"

"@types/css-font-loading-module@^0.0.12":
  version "0.0.12"
  resolved "https://registry.yarnpkg.com/@types/css-font-loading-module/-/css-font-loading-module-0.0.12.tgz#65494833928823f998fbe8e86312821875d80db5"
  integrity sha512-x2tZZYkSxXqWvTDgveSynfjq/T2HyiZHXb00j/+gy19yp70PHCizM48XFdjBCWH7eHBD0R5i/pw9yMBP/BH5uA==

"@types/earcut@^3.0.0":
  version "3.0.0"
  resolved "https://registry.yarnpkg.com/@types/earcut/-/earcut-3.0.0.tgz#c21ab8372c47f8af1bec63cb36eecb6917b6c5b6"
  integrity sha512-k/9fOUGO39yd2sCjrbAJvGDEQvRwRnQIZlBz43roGwUZo5SHAmyVvSFyaVVZkicRVCaDXPKlbxrUcBuJoSWunQ==

"@types/react-reconciler@^0.28.9":
  version "0.28.9"
  resolved "https://registry.yarnpkg.com/@types/react-reconciler/-/react-reconciler-0.28.9.tgz#d24b4864c384e770c83275b3fe73fba00269c83b"
  integrity sha512-HHM3nxyUZ3zAylX8ZEyrDNd2XZOnQ0D5XfunJF5FLQnZbHHYq4UWvW1QfelQNXv1ICNkwYhfxjwfnqivYB6bFg==

"@types/react@19.2.17":
  version "19.2.17"
  resolved "https://registry.yarnpkg.com/@types/react/-/react-19.2.17.tgz#dccac365baa0f1734ec270ff4b51c89465e8dc7f"
  integrity sha512-MXfmqaVPEVgkBT/aY0aGCkRWWtByiYQXo3xdQ8r5RzuFrPiRn8Gar2tQdXSUQ2GKV3bkXckek89V8wQBY2Q/Aw==
  dependencies:
    csstype "^3.2.2"

"@webgpu/types@^0.1.40":
  version "0.1.71"
  resolved "https://registry.yarnpkg.com/@webgpu/types/-/types-0.1.71.tgz#46ed33ba7816029d622d0b52e1e0004bf441db98"
  integrity sha512-mMy8/ODcKhab808co15eW+yN+HgXoQxRQHTiBV9Mrvl1r0ufnid7YOcI+gi4eUWSWl9ezD6TW2KXccrL8HCh2A==

"@xmldom/xmldom@^0.8.10":
  version "0.8.13"
  resolved "https://registry.yarnpkg.com/@xmldom/xmldom/-/xmldom-0.8.13.tgz#00d1dd940b218dff2e49309d410d8bb212159225"
  integrity sha512-KRYzxepc14G/CEpEGc3Yn+JKaAeT63smlDr+vjB8jRfgTBBI9wRj/nkQEO+ucV8p8I9bfKLWp37uHgFrbntPvw==

csstype@^3.2.2:
  version "3.2.3"
  resolved "https://registry.yarnpkg.com/csstype/-/csstype-3.2.3.tgz#ec48c0f3e993e50648c86da559e2610995cf989a"
  integrity sha512-z1HGKcYy2xA8AGQfwrn0PAy+PB7X/GSj3UVJW9qKyn43xWa+gl5nXmU4qqLMRzWVLFC8KusUX8T/0kCiOYpAIQ==

dayjs@1.11.13:
  version "1.11.13"
  resolved "https://registry.yarnpkg.com/dayjs/-/dayjs-1.11.13.tgz#92430b0139055c3ebb60150aa13e860a4b5a366c"
  integrity sha512-oaMBel6gjolK862uaPQOVTA7q3TZhuSvuMQAAglQDOWYO9A91IrAOUJEyKVlqJlHE0vq5p5UXxzdPfMH/x6xNg==

earcut@^3.0.2:
  version "3.2.3"
  resolved "https://registry.yarnpkg.com/earcut/-/earcut-3.2.3.tgz#74aec19555a7e28773429826729d2e4bfeb19022"
  integrity sha512-vnS4AVwp1KHAF13i1vp1/2D5evWy3k5u/iW/B81QVsUZtV8cv2tU0b2VNFlqvh4kYwrFMDdjPCfAmfyJW9y14Q==

eventemitter3@^5.0.1:
  version "5.0.4"
  resolved "https://registry.yarnpkg.com/eventemitter3/-/eventemitter3-5.0.4.tgz#a86d66170433712dde814707ac52b5271ceb1feb"
  integrity sha512-mlsTRyGaPBjPedk6Bvw+aqbsXDtoAyAzm5MO7JgU+yVRyMQ5O8bD4Kcci7BS85f93veegeCPkL8R4GLClnjLFw==

gifuct-js@^2.1.2:
  version "2.1.2"
  resolved "https://registry.yarnpkg.com/gifuct-js/-/gifuct-js-2.1.2.tgz#06152437ba30ec914db8398bd838bd0fbc8a6ecd"
  integrity sha512-rI2asw77u0mGgwhV3qA+OEgYqaDn5UNqgs+Bx0FGwSpuqfYn+Ir6RQY5ENNQ8SbIiG/m5gVa7CD5RriO4f4Lsg==
  dependencies:
    js-binary-schema-parser "^2.0.3"

ismobilejs@^1.1.1:
  version "1.1.1"
  resolved "https://registry.yarnpkg.com/ismobilejs/-/ismobilejs-1.1.1.tgz#c56ca0ae8e52b24ca0f22ba5ef3215a2ddbbaa0e"
  integrity sha512-VaFW53yt8QO61k2WJui0dHf4SlL8lxBofUuUmwBo0ljPk0Drz2TiuDW4jo3wDcv41qy/SxrJ+VAzJ/qYqsmzRw==

its-fine@^2.0.0:
  version "2.0.0"
  resolved "https://registry.yarnpkg.com/its-fine/-/its-fine-2.0.0.tgz#a90b18a3ee4c211a1fb6faac2abcc2b682ce1f21"
  integrity sha512-KLViCmWx94zOvpLwSlsx6yOCeMhZYaxrJV87Po5k/FoZzcPSahvK5qJ7fYhS61sZi5ikmh2S3Hz55A2l3U69ng==
  dependencies:
    "@types/react-reconciler" "^0.28.9"

js-binary-schema-parser@^2.0.3:
  version "2.0.3"
  resolved "https://registry.yarnpkg.com/js-binary-schema-parser/-/js-binary-schema-parser-2.0.3.tgz#3d7848748e8586e63b34e8911b643f59cfb6396e"
  integrity sha512-xezGJmOb4lk/M1ZZLTR/jaBHQ4gG/lqQnJqdIv4721DMggsa1bDVlHXNeHYogaIEHD9vCRv0fcL4hMA+Coarkg==

jsr@0.14.3:
  version "0.14.3"
  resolved "https://registry.yarnpkg.com/jsr/-/jsr-0.14.3.tgz#d18d2ee8ff2d866d3b26a195f969c0a3bc282270"
  integrity sha512-PGxnDepx7vwJoZQe2SHbyBiFfpGwsOKmX4kn/wZZqfMafV7fjXqTxSaX6lp9QHYkSTLKkER+P/wmrZY3gVJNzg==
  dependencies:
    node-stream-zip "^1.15.0"
    semiver "^1.1.0"

layerr@^3.0.0:
  version "3.0.0"
  resolved "https://registry.yarnpkg.com/layerr/-/layerr-3.0.0.tgz#bc4e0e5986ffd3ab8c3c88b458f53be8dceea29e"
  integrity sha512-tv754Ki2dXpPVApOrjTyRo4/QegVb9eVFq4mjqp4+NM5NaX7syQvN5BBNfV/ZpAHCEHV24XdUVrBAoka4jt3pA==

node-stream-zip@^1.15.0:
  version "1.15.0"
  resolved "https://registry.yarnpkg.com/node-stream-zip/-/node-stream-zip-1.15.0.tgz#158adb88ed8004c6c49a396b50a6a5de3bca33ea"
  integrity sha512-LN4fydt9TqhZhThkZIVQnF9cwjU3qmUH9h78Mx/K7d3VvfRqqwthLwJEUOEL0QPZ0XQmNN7be5Ggit5+4dq3Bw==

parse-svg-path@^0.1.2:
  version "0.1.2"
  resolved "https://registry.yarnpkg.com/parse-svg-path/-/parse-svg-path-0.1.2.tgz#7a7ec0d1eb06fa5325c7d3e009b859a09b5d49eb"
  integrity sha512-JyPSBnkTJ0AI8GGJLfMXvKq42cj5c006fnLz6fXy6zfoVjJizi8BNTpu8on8ziI1cKy9d9DGNuY17Ce7wuejpQ==

pixi.js@8.14.3:
  version "8.14.3"
  resolved "https://registry.yarnpkg.com/pixi.js/-/pixi.js-8.14.3.tgz#8f40cdad541f4d9eae72a792b784a3c1b1a75d0d"
  integrity sha512-6xGYARV8D9E/fO1c2NmYn+k2dQ5oZldVm5tNlLQJ8obTlOQXdL5QpMc217qTpRyHVDFaw5eoFCLF1gr6p5ZcjQ==
  dependencies:
    "@pixi/colord" "^2.9.6"
    "@types/css-font-loading-module" "^0.0.12"
    "@types/earcut" "^3.0.0"
    "@webgpu/types" "^0.1.40"
    "@xmldom/xmldom" "^0.8.10"
    earcut "^3.0.2"
    eventemitter3 "^5.0.1"
    gifuct-js "^2.1.2"
    ismobilejs "^1.1.1"
    parse-svg-path "^0.1.2"
    tiny-lru "^11.4.5"

prettier@3.9.4:
  version "3.9.4"
  resolved "https://registry.yarnpkg.com/prettier/-/prettier-3.9.4.tgz#a9c477cf1614376bd1f6bbc593d8c0d414bcec87"
  integrity sha512-yWG/o/4oJfo036EKAfK6ACAoDOfHeRHx4tuxkfBZiauURiaSmYwlpOr5LQqKtIkRD2z1PLteme2WoxEnj4tHTg==

react-dom@19.2.3:
  version "19.2.3"
  resolved "https://registry.yarnpkg.com/react-dom/-/react-dom-19.2.3.tgz#f0b61d7e5c4a86773889fcc1853af3ed5f215b17"
  integrity sha512-yELu4WmLPw5Mr/lmeEpox5rw3RETacE++JgHqQzd2dg+YbJuat3jH4ingc+WPZhxaoFzdv9y33G+F7Nl5O0GBg==
  dependencies:
    scheduler "^0.27.0"

react-reconciler@0.31.0:
  version "0.31.0"
  resolved "https://registry.yarnpkg.com/react-reconciler/-/react-reconciler-0.31.0.tgz#6b7390fe8fab59210daf523d7400943973de1458"
  integrity sha512-7Ob7Z+URmesIsIVRjnLoDGwBEG/tVitidU0nMsqX/eeJaLY89RISO/10ERe0MqmzuKUUB1rmY+h1itMbUHg9BQ==
  dependencies:
    scheduler "^0.25.0"

react@19.2.3:
  version "19.2.3"
  resolved "https://registry.yarnpkg.com/react/-/react-19.2.3.tgz#d83e5e8e7a258cf6b4fe28640515f99b87cd19b8"
  integrity sha512-Ku/hhYbVjOQnXDZFv2+RibmLFGwFdeeKHFcOTlrt7xplBnya5OGn/hIRDsqDiSUcfORsDC7MPxwork8jBwsIWA==

react@19.2.7:
  version "19.2.7"
  resolved "https://registry.yarnpkg.com/react/-/react-19.2.7.tgz#1f47a1bfc06f8ec885752c6f4af14369a9f8260b"
  integrity sha512-HNe9WslTbXmFK8o8cmwgAeJFSBvt1bPdHCVKtaaV+WlAN36mpT4hcRpwbf3fY56ar2oIXzsBpOAiIRHAdY0OlQ==

scheduler@^0.25.0:
  version "0.25.0"
  resolved "https://registry.yarnpkg.com/scheduler/-/scheduler-0.25.0.tgz#336cd9768e8cceebf52d3c80e3dcf5de23e7e015"
  integrity sha512-xFVuu11jh+xcO7JOAGJNOXld8/TcEHK/4CituBUeUb5hqxJLj9YuemAEuvm9gQ/+pgXYfbQuqAkiYu+u7YEsNA==

scheduler@^0.27.0:
  version "0.27.0"
  resolved "https://registry.yarnpkg.com/scheduler/-/scheduler-0.27.0.tgz#0c4ef82d67d1e5c1e359e8fc76d3a87f045fe5bd"
  integrity sha512-eNv+WrVbKu1f3vbYJT/xtiF5syA5HPIMtf9IgY/nKg0sWqzAUEvqY/xm7OcZc/qafLx/iO9FgOmeSAp4v5ti/Q==

semiver@^1.1.0:
  version "1.1.0"
  resolved "https://registry.yarnpkg.com/semiver/-/semiver-1.1.0.tgz#9c97fb02c21c7ce4fcf1b73e2c7a24324bdddd5f"
  integrity sha512-QNI2ChmuioGC1/xjyYwyZYADILWyW6AmS1UH6gDj/SFUUUS4MBAWs/7mxnkRPc/F4iHezDP+O8t0dO8WHiEOdg==

tiny-lru@^11.4.5:
  version "11.4.7"
  resolved "https://registry.yarnpkg.com/tiny-lru/-/tiny-lru-11.4.7.tgz#7ddfabe22720c98f7e48b2806d9d9a71a93ee0d6"
  integrity sha512-w/Te7uMUVeH0CR8vZIjr+XiN41V+30lkDdK+NRIDCUYKKuL9VcmaUEmaPISuwGhLlrTGh5yu18lENtR9axSxYw==

ulidx@2.4.1:
  version "2.4.1"
  resolved "https://registry.yarnpkg.com/ulidx/-/ulidx-2.4.1.tgz#c0f60f0552f84d115d42fd52a306033f13404c55"
  integrity sha512-xY7c8LPyzvhvew0Fn+Ek3wBC9STZAuDI/Y5andCKi9AX6/jvfaX45PhsDX8oxgPL0YFp0Jhr8qWMbS/p9375Xg==
  dependencies:
    layerr "^3.0.0"

yaml@2.9.0:
  version "2.9.0"
  resolved "https://registry.yarnpkg.com/yaml/-/yaml-2.9.0.tgz#78274afd93598a1dfdd6130df6a566defcbf9aa4"
  integrity sha512-2AvhNX3mb8zd6Zy7INTtSpl1F15HW6Wnqj0srWlkKLcpYl/gMIMJiyuGq2KeI2YFxUPjdlB+3Lc10seMLtL4cA==

zustand@5.0.14, zustand@^5.0.3:
  version "5.0.14"
  resolved "https://registry.yarnpkg.com/zustand/-/zustand-5.0.14.tgz#18216c24fcb980cf36898f9c57520e67b1f77855"
  integrity sha512-/8tAspM5LMPr28b3fwLYrtdj77ECpfZviaP75CMTnwO8ISyaE4GDIG/9rDDYq/cH9D2Xw2A2RXglLInmVBQB/g==
