# THIS IS AN AUTOGENERATED FILE. DO NOT EDIT THIS FILE DIRECTLY.
# yarn lockfile v1


"@types/react@19.2.17":
  version "19.2.17"
  resolved "https://registry.yarnpkg.com/@types/react/-/react-19.2.17.tgz#dccac365baa0f1734ec270ff4b51c89465e8dc7f"
  integrity sha512-MXfmqaVPEVgkBT/aY0aGCkRWWtByiYQXo3xdQ8r5RzuFrPiRn8Gar2tQdXSUQ2GKV3bkXckek89V8wQBY2Q/Aw==
  dependencies:
    csstype "^3.2.2"

csstype@^3.2.2:
  version "3.2.3"
  resolved "https://registry.yarnpkg.com/csstype/-/csstype-3.2.3.tgz#ec48c0f3e993e50648c86da559e2610995cf989a"
  integrity sha512-z1HGKcYy2xA8AGQfwrn0PAy+PB7X/GSj3UVJW9qKyn43xWa+gl5nXmU4qqLMRzWVLFC8KusUX8T/0kCiOYpAIQ==

jsr@0.14.3:
  version "0.14.3"
  resolved "https://registry.yarnpkg.com/jsr/-/jsr-0.14.3.tgz#d18d2ee8ff2d866d3b26a195f969c0a3bc282270"
  integrity sha512-PGxnDepx7vwJoZQe2SHbyBiFfpGwsOKmX4kn/wZZqfMafV7fjXqTxSaX6lp9QHYkSTLKkER+P/wmrZY3gVJNzg==
  dependencies:
    node-stream-zip "^1.15.0"
    semiver "^1.1.0"

node-stream-zip@^1.15.0:
  version "1.15.0"
  resolved "https://registry.yarnpkg.com/node-stream-zip/-/node-stream-zip-1.15.0.tgz#158adb88ed8004c6c49a396b50a6a5de3bca33ea"
  integrity sha512-LN4fydt9TqhZhThkZIVQnF9cwjU3qmUH9h78Mx/K7d3VvfRqqwthLwJEUOEL0QPZ0XQmNN7be5Ggit5+4dq3Bw==

prettier@3.9.4:
  version "3.9.4"
  resolved "https://registry.yarnpkg.com/prettier/-/prettier-3.9.4.tgz#a9c477cf1614376bd1f6bbc593d8c0d414bcec87"
  integrity sha512-yWG/o/4oJfo036EKAfK6ACAoDOfHeRHx4tuxkfBZiauURiaSmYwlpOr5LQqKtIkRD2z1PLteme2WoxEnj4tHTg==

react@19.2.7:
  version "19.2.7"
  resolved "https://registry.yarnpkg.com/react/-/react-19.2.7.tgz#1f47a1bfc06f8ec885752c6f4af14369a9f8260b"
  integrity sha512-HNe9WslTbXmFK8o8cmwgAeJFSBvt1bPdHCVKtaaV+WlAN36mpT4hcRpwbf3fY56ar2oIXzsBpOAiIRHAdY0OlQ==

semiver@^1.1.0:
  version "1.1.0"
  resolved "https://registry.yarnpkg.com/semiver/-/semiver-1.1.0.tgz#9c97fb02c21c7ce4fcf1b73e2c7a24324bdddd5f"
  integrity sha512-QNI2ChmuioGC1/xjyYwyZYADILWyW6AmS1UH6gDj/SFUUUS4MBAWs/7mxnkRPc/F4iHezDP+O8t0dO8WHiEOdg==
